PODS:
  - face_detection_tflite (0.0.1):
    - FlutterMacOS
  - file_selector_macos (0.0.1):
    - FlutterMacOS
  - FlutterMacOS (1.0.0)
  - tflite_flutter_custom (0.0.1):
    - FlutterMacOS

DEPENDENCIES:
  - face_detection_tflite (from `Flutter/ephemeral/.symlinks/plugins/face_detection_tflite/macos`)
  - file_selector_macos (from `Flutter/ephemeral/.symlinks/plugins/file_selector_macos/macos`)
  - FlutterMacOS (from `Flutter/ephemeral`)
  - tflite_flutter_custom (from `Flutter/ephemeral/.symlinks/plugins/tflite_flutter_custom/macos`)

EXTERNAL SOURCES:
  face_detection_tflite:
    :path: Flutter/ephemeral/.symlinks/plugins/face_detection_tflite/macos
  file_selector_macos:
    :path: Flutter/ephemeral/.symlinks/plugins/file_selector_macos/macos
  FlutterMacOS:
    :path: Flutter/ephemeral
  tflite_flutter_custom:
    :path: Flutter/ephemeral/.symlinks/plugins/tflite_flutter_custom/macos

SPEC CHECKSUMS:
  face_detection_tflite: 2e848ccb3ee51fbd993a2dadd9f2d916478a5ab6
  file_selector_macos: 6280b52b459ae6c590af5d78fc35c7267a3c4b31
  FlutterMacOS: d0db08ddef1a9af05a5ec4b724367152bb0500b1
  tflite_flutter_custom: 4d6a173c30b77994bcd611da5e0713fcad622125

PODFILE CHECKSUM: 346bfb2deb41d4a6ebd6f6799f92188bde2d246f

COCOAPODS: 1.16.2
