PODS:
  - file_selector_macos (0.0.1):
    - FlutterMacOS
  - FlutterMacOS (1.0.0)
  - path_provider_foundation (0.0.1):
    - Flutter
    - FlutterMacOS
  - pose_detection_tflite (0.0.1):
    - FlutterMacOS
  - tflite_flutter_custom (0.0.1):
    - FlutterMacOS

DEPENDENCIES:
  - file_selector_macos (from `Flutter/ephemeral/.symlinks/plugins/file_selector_macos/macos`)
  - FlutterMacOS (from `Flutter/ephemeral`)
  - path_provider_foundation (from `Flutter/ephemeral/.symlinks/plugins/path_provider_foundation/darwin`)
  - pose_detection_tflite (from `Flutter/ephemeral/.symlinks/plugins/pose_detection_tflite/macos`)
  - tflite_flutter_custom (from `Flutter/ephemeral/.symlinks/plugins/tflite_flutter_custom/macos`)

EXTERNAL SOURCES:
  file_selector_macos:
    :path: Flutter/ephemeral/.symlinks/plugins/file_selector_macos/macos
  FlutterMacOS:
    :path: Flutter/ephemeral
  path_provider_foundation:
    :path: Flutter/ephemeral/.symlinks/plugins/path_provider_foundation/darwin
  pose_detection_tflite:
    :path: Flutter/ephemeral/.symlinks/plugins/pose_detection_tflite/macos
  tflite_flutter_custom:
    :path: Flutter/ephemeral/.symlinks/plugins/tflite_flutter_custom/macos

SPEC CHECKSUMS:
  file_selector_macos: 6280b52b459ae6c590af5d78fc35c7267a3c4b31
  FlutterMacOS: d0db08ddef1a9af05a5ec4b724367152bb0500b1
  path_provider_foundation: bb55f6dbba17d0dccd6737fe6f7f34fbd0376880
  pose_detection_tflite: ba15fe2cb6f0111f7a79019f14d090ce9844855e
  tflite_flutter_custom: 4d6a173c30b77994bcd611da5e0713fcad622125

PODFILE CHECKSUM: 346bfb2deb41d4a6ebd6f6799f92188bde2d246f

COCOAPODS: 1.16.2
